
Microsoft Visual Studio Solution File, Format Version 12.00
# Visual Studio Version 16
VisualStudioVersion = 16.0.31321.278
MinimumVisualStudioVersion = 10.0.40219.1
Project("{FAE04EC0-301F-11D3-BF4B-00C04F79EFBC}") = "BulkyBook", "BulkyBook\BulkyBook.csproj", "{1ABA7778-A972-4F95-9C63-3458601D5174}"
EndProject
Project("{FAE04EC0-301F-11D3-BF4B-00C04F79EFBC}") = "BulkyBook.DataAccess", "BulkyBook.DataAccess\BulkyBook.DataAccess.csproj", "{4D188C13-546D-4B46-966F-729B22196991}"
EndProject
Project("{FAE04EC0-301F-11D3-BF4B-00C04F79EFBC}") = "BulkyBook.Models", "BulkyBook.Models\BulkyBook.Models.csproj", "{3B9F1CB2-ED09-42D9-8D44-DF651EA59E5C}"
EndProject
Project("{FAE04EC0-301F-11D3-BF4B-00C04F79EFBC}") = "BulkyBook.Utility", "BulkyBook.Utility\BulkyBook.Utility.csproj", "{EC6D3BA1-3FCD-4E0B-A3E1-21E58F94C386}"
EndProject
Global
	GlobalSection(SolutionConfigurationPlatforms) = preSolution
		Debug|Any CPU = Debug|Any CPU
		Release|Any CPU = Release|Any CPU
	EndGlobalSection
	GlobalSection(ProjectConfigurationPlatforms) = postSolution
		{1ABA7778-A972-4F95-9C63-3458601D5174}.Debug|Any CPU.ActiveCfg = Debug|Any CPU
		{1ABA7778-A972-4F95-9C63-3458601D5174}.Debug|Any CPU.Build.0 = Debug|Any CPU
		{1ABA7778-A972-4F95-9C63-3458601D5174}.Release|Any CPU.ActiveCfg = Release|Any CPU
		{1ABA7778-A972-4F95-9C63-3458601D5174}.Release|Any CPU.Build.0 = Release|Any CPU
		{4D188C13-546D-4B46-966F-729B22196991}.Debug|Any CPU.ActiveCfg = Debug|Any CPU
		{4D188C13-546D-4B46-966F-729B22196991}.Debug|Any CPU.Build.0 = Debug|Any CPU
		{4D188C13-546D-4B46-966F-729B22196991}.Release|Any CPU.ActiveCfg = Release|Any CPU
		{4D188C13-546D-4B46-966F-729B22196991}.Release|Any CPU.Build.0 = Release|Any CPU
		{3B9F1CB2-ED09-42D9-8D44-DF651EA59E5C}.Debug|Any CPU.ActiveCfg = Debug|Any CPU
		{3B9F1CB2-ED09-42D9-8D44-DF651EA59E5C}.Debug|Any CPU.Build.0 = Debug|Any CPU
		{3B9F1CB2-ED09-42D9-8D44-DF651EA59E5C}.Release|Any CPU.ActiveCfg = Release|Any CPU
		{3B9F1CB2-ED09-42D9-8D44-DF651EA59E5C}.Release|Any CPU.Build.0 = Release|Any CPU
		{EC6D3BA1-3FCD-4E0B-A3E1-21E58F94C386}.Debug|Any CPU.ActiveCfg = Debug|Any CPU
		{EC6D3BA1-3FCD-4E0B-A3E1-21E58F94C386}.Debug|Any CPU.Build.0 = Debug|Any CPU
		{EC6D3BA1-3FCD-4E0B-A3E1-21E58F94C386}.Release|Any CPU.ActiveCfg = Release|Any CPU
		{EC6D3BA1-3FCD-4E0B-A3E1-21E58F94C386}.Release|Any CPU.Build.0 = Release|Any CPU
	EndGlobalSection
	GlobalSection(SolutionProperties) = preSolution
		HideSolutionNode = FALSE
	EndGlobalSection
	GlobalSection(ExtensibilityGlobals) = postSolution
		SolutionGuid = {10749B7D-D30F-4D59-B947-870A0739AA21}
	EndGlobalSection
EndGlobal
